
Microsoft Visual Studio Solution File, Format Version 12.00
# Visual Studio Express 2013 for Windows Desktop
VisualStudioVersion = 12.0.21005.1
MinimumVisualStudioVersion = 10.0.40219.1
Project("{FAE04EC0-301F-11D3-BF4B-00C04F79EFBC}") = "DoodleEmpires", "DoodleEmpires\DoodleEmpires.csproj", "{DC473E73-24B1-4BF4-874A-F8E8F9A1689F}"
EndProject
Project("{FAE04EC0-301F-11D3-BF4B-00C04F79EFBC}") = "DoodleAnims", "DoodleAnims\DoodleAnims\DoodleAnims.csproj", "{9CF3B763-2C88-4CB8-83A9-5A72099AA989}"
EndProject
Project("{FAE04EC0-301F-11D3-BF4B-00C04F79EFBC}") = "MasterServer", "MasterServer\MasterServer.csproj", "{5EC84B6C-A435-4917-9068-72F3AE81BC17}"
EndProject
Project("{FAE04EC0-301F-11D3-BF4B-00C04F79EFBC}") = "DoodleServer", "DoodleServer\DoodleServer.csproj", "{648F35E0-89EB-4173-B777-FA0B48CF6BB5}"
EndProject
Project("{FAE04EC0-301F-11D3-BF4B-00C04F79EFBC}") = "GameLauncher", "GameLauncher\GameLauncher.csproj", "{3BD77D5F-A656-401E-9B8D-354A7CA4F4A0}"
EndProject
Project("{FAE04EC0-301F-11D3-BF4B-00C04F79EFBC}") = "WinFormsTools", "WinFormsTools\WinFormsTools.csproj", "{4C33F469-6E0C-4039-B1A3-F20813F911A3}"
EndProject
Project("{FAE04EC0-301F-11D3-BF4B-00C04F79EFBC}") = "SmileyFaceWars", "SmileyFaceWars\SmileyFaceWars.csproj", "{8DE4104C-DC86-4A19-B2F6-57143456AE0D}"
EndProject
Project("{FAE04EC0-301F-11D3-BF4B-00C04F79EFBC}") = "MonoUI", "..\MonoUI\MonoUI.csproj", "{3A81CB09-70D2-4F74-BCF4-AE4497AA61DF}"
EndProject
Project("{FAE04EC0-301F-11D3-BF4B-00C04F79EFBC}") = "EffectToShader", "EffectToShader\EffectToShader.csproj", "{3C9CAB71-9C04-4703-B991-0B4F3C9249A4}"
EndProject
Global
	GlobalSection(SolutionConfigurationPlatforms) = preSolution
		AllDebug|Any CPU = AllDebug|Any CPU
		AllDebug|Mixed Platforms = AllDebug|Mixed Platforms
		AllDebug|x86 = AllDebug|x86
		Android|Any CPU = Android|Any CPU
		Android|Mixed Platforms = Android|Mixed Platforms
		Android|x86 = Android|x86
		Debug|Any CPU = Debug|Any CPU
		Debug|Mixed Platforms = Debug|Mixed Platforms
		Debug|x86 = Debug|x86
		DebugDX|Any CPU = DebugDX|Any CPU
		DebugDX|Mixed Platforms = DebugDX|Mixed Platforms
		DebugDX|x86 = DebugDX|x86
		DebugGL|Any CPU = DebugGL|Any CPU
		DebugGL|Mixed Platforms = DebugGL|Mixed Platforms
		DebugGL|x86 = DebugGL|x86
		iOS|Any CPU = iOS|Any CPU
		iOS|Mixed Platforms = iOS|Mixed Platforms
		iOS|x86 = iOS|x86
		Linux|Any CPU = Linux|Any CPU
		Linux|Mixed Platforms = Linux|Mixed Platforms
		Linux|x86 = Linux|x86
		OSX|Any CPU = OSX|Any CPU
		OSX|Mixed Platforms = OSX|Mixed Platforms
		OSX|x86 = OSX|x86
		PSM|Any CPU = PSM|Any CPU
		PSM|Mixed Platforms = PSM|Mixed Platforms
		PSM|x86 = PSM|x86
		Release|Any CPU = Release|Any CPU
		Release|Mixed Platforms = Release|Mixed Platforms
		Release|x86 = Release|x86
		Windows|Any CPU = Windows|Any CPU
		Windows|Mixed Platforms = Windows|Mixed Platforms
		Windows|x86 = Windows|x86
		Windows8|Any CPU = Windows8|Any CPU
		Windows8|Mixed Platforms = Windows8|Mixed Platforms
		Windows8|x86 = Windows8|x86
	EndGlobalSection
	GlobalSection(ProjectConfigurationPlatforms) = postSolution
		{DC473E73-24B1-4BF4-874A-F8E8F9A1689F}.AllDebug|Any CPU.ActiveCfg = Debug|x86
		{DC473E73-24B1-4BF4-874A-F8E8F9A1689F}.AllDebug|Mixed Platforms.ActiveCfg = Debug|x86
		{DC473E73-24B1-4BF4-874A-F8E8F9A1689F}.AllDebug|Mixed Platforms.Build.0 = Debug|x86
		{DC473E73-24B1-4BF4-874A-F8E8F9A1689F}.AllDebug|x86.ActiveCfg = Debug|x86
		{DC473E73-24B1-4BF4-874A-F8E8F9A1689F}.AllDebug|x86.Build.0 = Debug|x86
		{DC473E73-24B1-4BF4-874A-F8E8F9A1689F}.Android|Any CPU.ActiveCfg = Release|x86
		{DC473E73-24B1-4BF4-874A-F8E8F9A1689F}.Android|Mixed Platforms.ActiveCfg = Release|x86
		{DC473E73-24B1-4BF4-874A-F8E8F9A1689F}.Android|Mixed Platforms.Build.0 = Release|x86
		{DC473E73-24B1-4BF4-874A-F8E8F9A1689F}.Android|x86.ActiveCfg = Release|x86
		{DC473E73-24B1-4BF4-874A-F8E8F9A1689F}.Android|x86.Build.0 = Release|x86
		{DC473E73-24B1-4BF4-874A-F8E8F9A1689F}.Debug|Any CPU.ActiveCfg = Debug|x86
		{DC473E73-24B1-4BF4-874A-F8E8F9A1689F}.Debug|Mixed Platforms.ActiveCfg = Debug|x86
		{DC473E73-24B1-4BF4-874A-F8E8F9A1689F}.Debug|Mixed Platforms.Build.0 = Debug|x86
		{DC473E73-24B1-4BF4-874A-F8E8F9A1689F}.Debug|x86.ActiveCfg = Debug|x86
		{DC473E73-24B1-4BF4-874A-F8E8F9A1689F}.Debug|x86.Build.0 = Debug|x86
		{DC473E73-24B1-4BF4-874A-F8E8F9A1689F}.DebugDX|Any CPU.ActiveCfg = Debug|x86
		{DC473E73-24B1-4BF4-874A-F8E8F9A1689F}.DebugDX|Mixed Platforms.ActiveCfg = Debug|x86
		{DC473E73-24B1-4BF4-874A-F8E8F9A1689F}.DebugDX|Mixed Platforms.Build.0 = Debug|x86
		{DC473E73-24B1-4BF4-874A-F8E8F9A1689F}.DebugDX|x86.ActiveCfg = Debug|x86
		{DC473E73-24B1-4BF4-874A-F8E8F9A1689F}.DebugDX|x86.Build.0 = Debug|x86
		{DC473E73-24B1-4BF4-874A-F8E8F9A1689F}.DebugGL|Any CPU.ActiveCfg = Debug|x86
		{DC473E73-24B1-4BF4-874A-F8E8F9A1689F}.DebugGL|Mixed Platforms.ActiveCfg = Debug|x86
		{DC473E73-24B1-4BF4-874A-F8E8F9A1689F}.DebugGL|Mixed Platforms.Build.0 = Debug|x86
		{DC473E73-24B1-4BF4-874A-F8E8F9A1689F}.DebugGL|x86.ActiveCfg = Debug|x86
		{DC473E73-24B1-4BF4-874A-F8E8F9A1689F}.DebugGL|x86.Build.0 = Debug|x86
		{DC473E73-24B1-4BF4-874A-F8E8F9A1689F}.iOS|Any CPU.ActiveCfg = Release|x86
		{DC473E73-24B1-4BF4-874A-F8E8F9A1689F}.iOS|Mixed Platforms.ActiveCfg = Release|x86
		{DC473E73-24B1-4BF4-874A-F8E8F9A1689F}.iOS|Mixed Platforms.Build.0 = Release|x86
		{DC473E73-24B1-4BF4-874A-F8E8F9A1689F}.iOS|x86.ActiveCfg = Release|x86
		{DC473E73-24B1-4BF4-874A-F8E8F9A1689F}.iOS|x86.Build.0 = Release|x86
		{DC473E73-24B1-4BF4-874A-F8E8F9A1689F}.Linux|Any CPU.ActiveCfg = Release|x86
		{DC473E73-24B1-4BF4-874A-F8E8F9A1689F}.Linux|Mixed Platforms.ActiveCfg = Release|x86
		{DC473E73-24B1-4BF4-874A-F8E8F9A1689F}.Linux|Mixed Platforms.Build.0 = Release|x86
		{DC473E73-24B1-4BF4-874A-F8E8F9A1689F}.Linux|x86.ActiveCfg = Release|x86
		{DC473E73-24B1-4BF4-874A-F8E8F9A1689F}.Linux|x86.Build.0 = Release|x86
		{DC473E73-24B1-4BF4-874A-F8E8F9A1689F}.OSX|Any CPU.ActiveCfg = Release|x86
		{DC473E73-24B1-4BF4-874A-F8E8F9A1689F}.OSX|Mixed Platforms.ActiveCfg = Release|x86
		{DC473E73-24B1-4BF4-874A-F8E8F9A1689F}.OSX|Mixed Platforms.Build.0 = Release|x86
		{DC473E73-24B1-4BF4-874A-F8E8F9A1689F}.OSX|x86.ActiveCfg = Release|x86
		{DC473E73-24B1-4BF4-874A-F8E8F9A1689F}.OSX|x86.Build.0 = Release|x86
		{DC473E73-24B1-4BF4-874A-F8E8F9A1689F}.PSM|Any CPU.ActiveCfg = Release|x86
		{DC473E73-24B1-4BF4-874A-F8E8F9A1689F}.PSM|Mixed Platforms.ActiveCfg = Release|x86
		{DC473E73-24B1-4BF4-874A-F8E8F9A1689F}.PSM|Mixed Platforms.Build.0 = Release|x86
		{DC473E73-24B1-4BF4-874A-F8E8F9A1689F}.PSM|x86.ActiveCfg = Release|x86
		{DC473E73-24B1-4BF4-874A-F8E8F9A1689F}.PSM|x86.Build.0 = Release|x86
		{DC473E73-24B1-4BF4-874A-F8E8F9A1689F}.Release|Any CPU.ActiveCfg = Release|x86
		{DC473E73-24B1-4BF4-874A-F8E8F9A1689F}.Release|Mixed Platforms.ActiveCfg = Release|x86
		{DC473E73-24B1-4BF4-874A-F8E8F9A1689F}.Release|Mixed Platforms.Build.0 = Release|x86
		{DC473E73-24B1-4BF4-874A-F8E8F9A1689F}.Release|x86.ActiveCfg = Release|x86
		{DC473E73-24B1-4BF4-874A-F8E8F9A1689F}.Release|x86.Build.0 = Release|x86
		{DC473E73-24B1-4BF4-874A-F8E8F9A1689F}.Windows|Any CPU.ActiveCfg = Release|x86
		{DC473E73-24B1-4BF4-874A-F8E8F9A1689F}.Windows|Mixed Platforms.ActiveCfg = Release|x86
		{DC473E73-24B1-4BF4-874A-F8E8F9A1689F}.Windows|Mixed Platforms.Build.0 = Release|x86
		{DC473E73-24B1-4BF4-874A-F8E8F9A1689F}.Windows|x86.ActiveCfg = Release|x86
		{DC473E73-24B1-4BF4-874A-F8E8F9A1689F}.Windows|x86.Build.0 = Release|x86
		{DC473E73-24B1-4BF4-874A-F8E8F9A1689F}.Windows8|Any CPU.ActiveCfg = Release|x86
		{DC473E73-24B1-4BF4-874A-F8E8F9A1689F}.Windows8|Mixed Platforms.ActiveCfg = Release|x86
		{DC473E73-24B1-4BF4-874A-F8E8F9A1689F}.Windows8|Mixed Platforms.Build.0 = Release|x86
		{DC473E73-24B1-4BF4-874A-F8E8F9A1689F}.Windows8|x86.ActiveCfg = Release|x86
		{DC473E73-24B1-4BF4-874A-F8E8F9A1689F}.Windows8|x86.Build.0 = Release|x86
		{9CF3B763-2C88-4CB8-83A9-5A72099AA989}.AllDebug|Any CPU.ActiveCfg = Debug|x86
		{9CF3B763-2C88-4CB8-83A9-5A72099AA989}.AllDebug|Mixed Platforms.ActiveCfg = Debug|x86
		{9CF3B763-2C88-4CB8-83A9-5A72099AA989}.AllDebug|x86.ActiveCfg = Debug|x86
		{9CF3B763-2C88-4CB8-83A9-5A72099AA989}.AllDebug|x86.Build.0 = Debug|x86
		{9CF3B763-2C88-4CB8-83A9-5A72099AA989}.Android|Any CPU.ActiveCfg = Release|x86
		{9CF3B763-2C88-4CB8-83A9-5A72099AA989}.Android|Mixed Platforms.ActiveCfg = Release|x86
		{9CF3B763-2C88-4CB8-83A9-5A72099AA989}.Android|Mixed Platforms.Build.0 = Release|x86
		{9CF3B763-2C88-4CB8-83A9-5A72099AA989}.Android|x86.ActiveCfg = Release|x86
		{9CF3B763-2C88-4CB8-83A9-5A72099AA989}.Android|x86.Build.0 = Release|x86
		{9CF3B763-2C88-4CB8-83A9-5A72099AA989}.Debug|Any CPU.ActiveCfg = Debug|x86
		{9CF3B763-2C88-4CB8-83A9-5A72099AA989}.Debug|Mixed Platforms.ActiveCfg = Debug|x86
		{9CF3B763-2C88-4CB8-83A9-5A72099AA989}.Debug|x86.ActiveCfg = Debug|x86
		{9CF3B763-2C88-4CB8-83A9-5A72099AA989}.Debug|x86.Build.0 = Debug|x86
		{9CF3B763-2C88-4CB8-83A9-5A72099AA989}.DebugDX|Any CPU.ActiveCfg = Debug|x86
		{9CF3B763-2C88-4CB8-83A9-5A72099AA989}.DebugDX|Mixed Platforms.ActiveCfg = Debug|x86
		{9CF3B763-2C88-4CB8-83A9-5A72099AA989}.DebugDX|Mixed Platforms.Build.0 = Debug|x86
		{9CF3B763-2C88-4CB8-83A9-5A72099AA989}.DebugDX|x86.ActiveCfg = Debug|x86
		{9CF3B763-2C88-4CB8-83A9-5A72099AA989}.DebugDX|x86.Build.0 = Debug|x86
		{9CF3B763-2C88-4CB8-83A9-5A72099AA989}.DebugGL|Any CPU.ActiveCfg = Debug|x86
		{9CF3B763-2C88-4CB8-83A9-5A72099AA989}.DebugGL|Mixed Platforms.ActiveCfg = Debug|x86
		{9CF3B763-2C88-4CB8-83A9-5A72099AA989}.DebugGL|Mixed Platforms.Build.0 = Debug|x86
		{9CF3B763-2C88-4CB8-83A9-5A72099AA989}.DebugGL|x86.ActiveCfg = Debug|x86
		{9CF3B763-2C88-4CB8-83A9-5A72099AA989}.DebugGL|x86.Build.0 = Debug|x86
		{9CF3B763-2C88-4CB8-83A9-5A72099AA989}.iOS|Any CPU.ActiveCfg = Release|x86
		{9CF3B763-2C88-4CB8-83A9-5A72099AA989}.iOS|Mixed Platforms.ActiveCfg = Release|x86
		{9CF3B763-2C88-4CB8-83A9-5A72099AA989}.iOS|Mixed Platforms.Build.0 = Release|x86
		{9CF3B763-2C88-4CB8-83A9-5A72099AA989}.iOS|x86.ActiveCfg = Release|x86
		{9CF3B763-2C88-4CB8-83A9-5A72099AA989}.iOS|x86.Build.0 = Release|x86
		{9CF3B763-2C88-4CB8-83A9-5A72099AA989}.Linux|Any CPU.ActiveCfg = Release|x86
		{9CF3B763-2C88-4CB8-83A9-5A72099AA989}.Linux|Mixed Platforms.ActiveCfg = Release|x86
		{9CF3B763-2C88-4CB8-83A9-5A72099AA989}.Linux|Mixed Platforms.Build.0 = Release|x86
		{9CF3B763-2C88-4CB8-83A9-5A72099AA989}.Linux|x86.ActiveCfg = Release|x86
		{9CF3B763-2C88-4CB8-83A9-5A72099AA989}.Linux|x86.Build.0 = Release|x86
		{9CF3B763-2C88-4CB8-83A9-5A72099AA989}.OSX|Any CPU.ActiveCfg = Release|x86
		{9CF3B763-2C88-4CB8-83A9-5A72099AA989}.OSX|Mixed Platforms.ActiveCfg = Release|x86
		{9CF3B763-2C88-4CB8-83A9-5A72099AA989}.OSX|Mixed Platforms.Build.0 = Release|x86
		{9CF3B763-2C88-4CB8-83A9-5A72099AA989}.OSX|x86.ActiveCfg = Release|x86
		{9CF3B763-2C88-4CB8-83A9-5A72099AA989}.OSX|x86.Build.0 = Release|x86
		{9CF3B763-2C88-4CB8-83A9-5A72099AA989}.PSM|Any CPU.ActiveCfg = Release|x86
		{9CF3B763-2C88-4CB8-83A9-5A72099AA989}.PSM|Mixed Platforms.ActiveCfg = Release|x86
		{9CF3B763-2C88-4CB8-83A9-5A72099AA989}.PSM|Mixed Platforms.Build.0 = Release|x86
		{9CF3B763-2C88-4CB8-83A9-5A72099AA989}.PSM|x86.ActiveCfg = Release|x86
		{9CF3B763-2C88-4CB8-83A9-5A72099AA989}.PSM|x86.Build.0 = Release|x86
		{9CF3B763-2C88-4CB8-83A9-5A72099AA989}.Release|Any CPU.ActiveCfg = Release|x86
		{9CF3B763-2C88-4CB8-83A9-5A72099AA989}.Release|Mixed Platforms.ActiveCfg = Release|x86
		{9CF3B763-2C88-4CB8-83A9-5A72099AA989}.Release|Mixed Platforms.Build.0 = Release|x86
		{9CF3B763-2C88-4CB8-83A9-5A72099AA989}.Release|x86.ActiveCfg = Release|x86
		{9CF3B763-2C88-4CB8-83A9-5A72099AA989}.Release|x86.Build.0 = Release|x86
		{9CF3B763-2C88-4CB8-83A9-5A72099AA989}.Windows|Any CPU.ActiveCfg = Release|x86
		{9CF3B763-2C88-4CB8-83A9-5A72099AA989}.Windows|Mixed Platforms.ActiveCfg = Release|x86
		{9CF3B763-2C88-4CB8-83A9-5A72099AA989}.Windows|Mixed Platforms.Build.0 = Release|x86
		{9CF3B763-2C88-4CB8-83A9-5A72099AA989}.Windows|x86.ActiveCfg = Release|x86
		{9CF3B763-2C88-4CB8-83A9-5A72099AA989}.Windows|x86.Build.0 = Release|x86
		{9CF3B763-2C88-4CB8-83A9-5A72099AA989}.Windows8|Any CPU.ActiveCfg = Release|x86
		{9CF3B763-2C88-4CB8-83A9-5A72099AA989}.Windows8|Mixed Platforms.ActiveCfg = Release|x86
		{9CF3B763-2C88-4CB8-83A9-5A72099AA989}.Windows8|Mixed Platforms.Build.0 = Release|x86
		{9CF3B763-2C88-4CB8-83A9-5A72099AA989}.Windows8|x86.ActiveCfg = Release|x86
		{9CF3B763-2C88-4CB8-83A9-5A72099AA989}.Windows8|x86.Build.0 = Release|x86
		{5EC84B6C-A435-4917-9068-72F3AE81BC17}.AllDebug|Any CPU.ActiveCfg = Debug|x86
		{5EC84B6C-A435-4917-9068-72F3AE81BC17}.AllDebug|Mixed Platforms.ActiveCfg = Debug|x86
		{5EC84B6C-A435-4917-9068-72F3AE81BC17}.AllDebug|Mixed Platforms.Build.0 = Debug|x86
		{5EC84B6C-A435-4917-9068-72F3AE81BC17}.AllDebug|x86.ActiveCfg = Debug|x86
		{5EC84B6C-A435-4917-9068-72F3AE81BC17}.AllDebug|x86.Build.0 = Debug|x86
		{5EC84B6C-A435-4917-9068-72F3AE81BC17}.Android|Any CPU.ActiveCfg = Release|x86
		{5EC84B6C-A435-4917-9068-72F3AE81BC17}.Android|Mixed Platforms.ActiveCfg = Release|x86
		{5EC84B6C-A435-4917-9068-72F3AE81BC17}.Android|Mixed Platforms.Build.0 = Release|x86
		{5EC84B6C-A435-4917-9068-72F3AE81BC17}.Android|x86.ActiveCfg = Release|x86
		{5EC84B6C-A435-4917-9068-72F3AE81BC17}.Android|x86.Build.0 = Release|x86
		{5EC84B6C-A435-4917-9068-72F3AE81BC17}.Debug|Any CPU.ActiveCfg = Debug|x86
		{5EC84B6C-A435-4917-9068-72F3AE81BC17}.Debug|Mixed Platforms.ActiveCfg = Debug|x86
		{5EC84B6C-A435-4917-9068-72F3AE81BC17}.Debug|x86.ActiveCfg = Debug|x86
		{5EC84B6C-A435-4917-9068-72F3AE81BC17}.Debug|x86.Build.0 = Debug|x86
		{5EC84B6C-A435-4917-9068-72F3AE81BC17}.DebugDX|Any CPU.ActiveCfg = Debug|x86
		{5EC84B6C-A435-4917-9068-72F3AE81BC17}.DebugDX|Mixed Platforms.ActiveCfg = Debug|x86
		{5EC84B6C-A435-4917-9068-72F3AE81BC17}.DebugDX|Mixed Platforms.Build.0 = Debug|x86
		{5EC84B6C-A435-4917-9068-72F3AE81BC17}.DebugDX|x86.ActiveCfg = Debug|x86
		{5EC84B6C-A435-4917-9068-72F3AE81BC17}.DebugDX|x86.Build.0 = Debug|x86
		{5EC84B6C-A435-4917-9068-72F3AE81BC17}.DebugGL|Any CPU.ActiveCfg = Debug|x86
		{5EC84B6C-A435-4917-9068-72F3AE81BC17}.DebugGL|Mixed Platforms.ActiveCfg = Debug|x86
		{5EC84B6C-A435-4917-9068-72F3AE81BC17}.DebugGL|Mixed Platforms.Build.0 = Debug|x86
		{5EC84B6C-A435-4917-9068-72F3AE81BC17}.DebugGL|x86.ActiveCfg = Debug|x86
		{5EC84B6C-A435-4917-9068-72F3AE81BC17}.DebugGL|x86.Build.0 = Debug|x86
		{5EC84B6C-A435-4917-9068-72F3AE81BC17}.iOS|Any CPU.ActiveCfg = Release|x86
		{5EC84B6C-A435-4917-9068-72F3AE81BC17}.iOS|Mixed Platforms.ActiveCfg = Release|x86
		{5EC84B6C-A435-4917-9068-72F3AE81BC17}.iOS|Mixed Platforms.Build.0 = Release|x86
		{5EC84B6C-A435-4917-9068-72F3AE81BC17}.iOS|x86.ActiveCfg = Release|x86
		{5EC84B6C-A435-4917-9068-72F3AE81BC17}.iOS|x86.Build.0 = Release|x86
		{5EC84B6C-A435-4917-9068-72F3AE81BC17}.Linux|Any CPU.ActiveCfg = Release|x86
		{5EC84B6C-A435-4917-9068-72F3AE81BC17}.Linux|Mixed Platforms.ActiveCfg = Release|x86
		{5EC84B6C-A435-4917-9068-72F3AE81BC17}.Linux|Mixed Platforms.Build.0 = Release|x86
		{5EC84B6C-A435-4917-9068-72F3AE81BC17}.Linux|x86.ActiveCfg = Release|x86
		{5EC84B6C-A435-4917-9068-72F3AE81BC17}.Linux|x86.Build.0 = Release|x86
		{5EC84B6C-A435-4917-9068-72F3AE81BC17}.OSX|Any CPU.ActiveCfg = Release|x86
		{5EC84B6C-A435-4917-9068-72F3AE81BC17}.OSX|Mixed Platforms.ActiveCfg = Release|x86
		{5EC84B6C-A435-4917-9068-72F3AE81BC17}.OSX|Mixed Platforms.Build.0 = Release|x86
		{5EC84B6C-A435-4917-9068-72F3AE81BC17}.OSX|x86.ActiveCfg = Release|x86
		{5EC84B6C-A435-4917-9068-72F3AE81BC17}.OSX|x86.Build.0 = Release|x86
		{5EC84B6C-A435-4917-9068-72F3AE81BC17}.PSM|Any CPU.ActiveCfg = Release|x86
		{5EC84B6C-A435-4917-9068-72F3AE81BC17}.PSM|Mixed Platforms.ActiveCfg = Release|x86
		{5EC84B6C-A435-4917-9068-72F3AE81BC17}.PSM|Mixed Platforms.Build.0 = Release|x86
		{5EC84B6C-A435-4917-9068-72F3AE81BC17}.PSM|x86.ActiveCfg = Release|x86
		{5EC84B6C-A435-4917-9068-72F3AE81BC17}.PSM|x86.Build.0 = Release|x86
		{5EC84B6C-A435-4917-9068-72F3AE81BC17}.Release|Any CPU.ActiveCfg = Release|x86
		{5EC84B6C-A435-4917-9068-72F3AE81BC17}.Release|Mixed Platforms.ActiveCfg = Release|x86
		{5EC84B6C-A435-4917-9068-72F3AE81BC17}.Release|Mixed Platforms.Build.0 = Release|x86
		{5EC84B6C-A435-4917-9068-72F3AE81BC17}.Release|x86.ActiveCfg = Release|x86
		{5EC84B6C-A435-4917-9068-72F3AE81BC17}.Release|x86.Build.0 = Release|x86
		{5EC84B6C-A435-4917-9068-72F3AE81BC17}.Windows|Any CPU.ActiveCfg = Release|x86
		{5EC84B6C-A435-4917-9068-72F3AE81BC17}.Windows|Mixed Platforms.ActiveCfg = Release|x86
		{5EC84B6C-A435-4917-9068-72F3AE81BC17}.Windows|Mixed Platforms.Build.0 = Release|x86
		{5EC84B6C-A435-4917-9068-72F3AE81BC17}.Windows|x86.ActiveCfg = Release|x86
		{5EC84B6C-A435-4917-9068-72F3AE81BC17}.Windows|x86.Build.0 = Release|x86
		{5EC84B6C-A435-4917-9068-72F3AE81BC17}.Windows8|Any CPU.ActiveCfg = Release|x86
		{5EC84B6C-A435-4917-9068-72F3AE81BC17}.Windows8|Mixed Platforms.ActiveCfg = Release|x86
		{5EC84B6C-A435-4917-9068-72F3AE81BC17}.Windows8|Mixed Platforms.Build.0 = Release|x86
		{5EC84B6C-A435-4917-9068-72F3AE81BC17}.Windows8|x86.ActiveCfg = Release|x86
		{5EC84B6C-A435-4917-9068-72F3AE81BC17}.Windows8|x86.Build.0 = Release|x86
		{648F35E0-89EB-4173-B777-FA0B48CF6BB5}.AllDebug|Any CPU.ActiveCfg = Debug|x86
		{648F35E0-89EB-4173-B777-FA0B48CF6BB5}.AllDebug|Mixed Platforms.ActiveCfg = Debug|x86
		{648F35E0-89EB-4173-B777-FA0B48CF6BB5}.AllDebug|Mixed Platforms.Build.0 = Debug|x86
		{648F35E0-89EB-4173-B777-FA0B48CF6BB5}.AllDebug|x86.ActiveCfg = Debug|x86
		{648F35E0-89EB-4173-B777-FA0B48CF6BB5}.AllDebug|x86.Build.0 = Debug|x86
		{648F35E0-89EB-4173-B777-FA0B48CF6BB5}.Android|Any CPU.ActiveCfg = Release|x86
		{648F35E0-89EB-4173-B777-FA0B48CF6BB5}.Android|Mixed Platforms.ActiveCfg = Release|x86
		{648F35E0-89EB-4173-B777-FA0B48CF6BB5}.Android|Mixed Platforms.Build.0 = Release|x86
		{648F35E0-89EB-4173-B777-FA0B48CF6BB5}.Android|x86.ActiveCfg = Release|x86
		{648F35E0-89EB-4173-B777-FA0B48CF6BB5}.Android|x86.Build.0 = Release|x86
		{648F35E0-89EB-4173-B777-FA0B48CF6BB5}.Debug|Any CPU.ActiveCfg = Debug|x86
		{648F35E0-89EB-4173-B777-FA0B48CF6BB5}.Debug|Mixed Platforms.ActiveCfg = Debug|x86
		{648F35E0-89EB-4173-B777-FA0B48CF6BB5}.Debug|x86.ActiveCfg = Debug|x86
		{648F35E0-89EB-4173-B777-FA0B48CF6BB5}.Debug|x86.Build.0 = Debug|x86
		{648F35E0-89EB-4173-B777-FA0B48CF6BB5}.DebugDX|Any CPU.ActiveCfg = Debug|x86
		{648F35E0-89EB-4173-B777-FA0B48CF6BB5}.DebugDX|Mixed Platforms.ActiveCfg = Debug|x86
		{648F35E0-89EB-4173-B777-FA0B48CF6BB5}.DebugDX|Mixed Platforms.Build.0 = Debug|x86
		{648F35E0-89EB-4173-B777-FA0B48CF6BB5}.DebugDX|x86.ActiveCfg = Debug|x86
		{648F35E0-89EB-4173-B777-FA0B48CF6BB5}.DebugDX|x86.Build.0 = Debug|x86
		{648F35E0-89EB-4173-B777-FA0B48CF6BB5}.DebugGL|Any CPU.ActiveCfg = Debug|x86
		{648F35E0-89EB-4173-B777-FA0B48CF6BB5}.DebugGL|Mixed Platforms.ActiveCfg = Debug|x86
		{648F35E0-89EB-4173-B777-FA0B48CF6BB5}.DebugGL|Mixed Platforms.Build.0 = Debug|x86
		{648F35E0-89EB-4173-B777-FA0B48CF6BB5}.DebugGL|x86.ActiveCfg = Debug|x86
		{648F35E0-89EB-4173-B777-FA0B48CF6BB5}.DebugGL|x86.Build.0 = Debug|x86
		{648F35E0-89EB-4173-B777-FA0B48CF6BB5}.iOS|Any CPU.ActiveCfg = Release|x86
		{648F35E0-89EB-4173-B777-FA0B48CF6BB5}.iOS|Mixed Platforms.ActiveCfg = Release|x86
		{648F35E0-89EB-4173-B777-FA0B48CF6BB5}.iOS|Mixed Platforms.Build.0 = Release|x86
		{648F35E0-89EB-4173-B777-FA0B48CF6BB5}.iOS|x86.ActiveCfg = Release|x86
		{648F35E0-89EB-4173-B777-FA0B48CF6BB5}.iOS|x86.Build.0 = Release|x86
		{648F35E0-89EB-4173-B777-FA0B48CF6BB5}.Linux|Any CPU.ActiveCfg = Release|x86
		{648F35E0-89EB-4173-B777-FA0B48CF6BB5}.Linux|Mixed Platforms.ActiveCfg = Release|x86
		{648F35E0-89EB-4173-B777-FA0B48CF6BB5}.Linux|Mixed Platforms.Build.0 = Release|x86
		{648F35E0-89EB-4173-B777-FA0B48CF6BB5}.Linux|x86.ActiveCfg = Release|x86
		{648F35E0-89EB-4173-B777-FA0B48CF6BB5}.Linux|x86.Build.0 = Release|x86
		{648F35E0-89EB-4173-B777-FA0B48CF6BB5}.OSX|Any CPU.ActiveCfg = Release|x86
		{648F35E0-89EB-4173-B777-FA0B48CF6BB5}.OSX|Mixed Platforms.ActiveCfg = Release|x86
		{648F35E0-89EB-4173-B777-FA0B48CF6BB5}.OSX|Mixed Platforms.Build.0 = Release|x86
		{648F35E0-89EB-4173-B777-FA0B48CF6BB5}.OSX|x86.ActiveCfg = Release|x86
		{648F35E0-89EB-4173-B777-FA0B48CF6BB5}.OSX|x86.Build.0 = Release|x86
		{648F35E0-89EB-4173-B777-FA0B48CF6BB5}.PSM|Any CPU.ActiveCfg = Release|x86
		{648F35E0-89EB-4173-B777-FA0B48CF6BB5}.PSM|Mixed Platforms.ActiveCfg = Release|x86
		{648F35E0-89EB-4173-B777-FA0B48CF6BB5}.PSM|Mixed Platforms.Build.0 = Release|x86
		{648F35E0-89EB-4173-B777-FA0B48CF6BB5}.PSM|x86.ActiveCfg = Release|x86
		{648F35E0-89EB-4173-B777-FA0B48CF6BB5}.PSM|x86.Build.0 = Release|x86
		{648F35E0-89EB-4173-B777-FA0B48CF6BB5}.Release|Any CPU.ActiveCfg = Release|x86
		{648F35E0-89EB-4173-B777-FA0B48CF6BB5}.Release|Mixed Platforms.ActiveCfg = Release|x86
		{648F35E0-89EB-4173-B777-FA0B48CF6BB5}.Release|Mixed Platforms.Build.0 = Release|x86
		{648F35E0-89EB-4173-B777-FA0B48CF6BB5}.Release|x86.ActiveCfg = Release|x86
		{648F35E0-89EB-4173-B777-FA0B48CF6BB5}.Release|x86.Build.0 = Release|x86
		{648F35E0-89EB-4173-B777-FA0B48CF6BB5}.Windows|Any CPU.ActiveCfg = Release|x86
		{648F35E0-89EB-4173-B777-FA0B48CF6BB5}.Windows|Mixed Platforms.ActiveCfg = Release|x86
		{648F35E0-89EB-4173-B777-FA0B48CF6BB5}.Windows|Mixed Platforms.Build.0 = Release|x86
		{648F35E0-89EB-4173-B777-FA0B48CF6BB5}.Windows|x86.ActiveCfg = Release|x86
		{648F35E0-89EB-4173-B777-FA0B48CF6BB5}.Windows|x86.Build.0 = Release|x86
		{648F35E0-89EB-4173-B777-FA0B48CF6BB5}.Windows8|Any CPU.ActiveCfg = Release|x86
		{648F35E0-89EB-4173-B777-FA0B48CF6BB5}.Windows8|Mixed Platforms.ActiveCfg = Release|x86
		{648F35E0-89EB-4173-B777-FA0B48CF6BB5}.Windows8|Mixed Platforms.Build.0 = Release|x86
		{648F35E0-89EB-4173-B777-FA0B48CF6BB5}.Windows8|x86.ActiveCfg = Release|x86
		{648F35E0-89EB-4173-B777-FA0B48CF6BB5}.Windows8|x86.Build.0 = Release|x86
		{3BD77D5F-A656-401E-9B8D-354A7CA4F4A0}.AllDebug|Any CPU.ActiveCfg = Debug|Any CPU
		{3BD77D5F-A656-401E-9B8D-354A7CA4F4A0}.AllDebug|Any CPU.Build.0 = Debug|Any CPU
		{3BD77D5F-A656-401E-9B8D-354A7CA4F4A0}.AllDebug|Mixed Platforms.ActiveCfg = Debug|Any CPU
		{3BD77D5F-A656-401E-9B8D-354A7CA4F4A0}.AllDebug|x86.ActiveCfg = Debug|Any CPU
		{3BD77D5F-A656-401E-9B8D-354A7CA4F4A0}.Android|Any CPU.ActiveCfg = Release|Any CPU
		{3BD77D5F-A656-401E-9B8D-354A7CA4F4A0}.Android|Any CPU.Build.0 = Release|Any CPU
		{3BD77D5F-A656-401E-9B8D-354A7CA4F4A0}.Android|Mixed Platforms.ActiveCfg = Release|Any CPU
		{3BD77D5F-A656-401E-9B8D-354A7CA4F4A0}.Android|Mixed Platforms.Build.0 = Release|Any CPU
		{3BD77D5F-A656-401E-9B8D-354A7CA4F4A0}.Android|x86.ActiveCfg = Release|Any CPU
		{3BD77D5F-A656-401E-9B8D-354A7CA4F4A0}.Debug|Any CPU.ActiveCfg = Debug|Any CPU
		{3BD77D5F-A656-401E-9B8D-354A7CA4F4A0}.Debug|Any CPU.Build.0 = Debug|Any CPU
		{3BD77D5F-A656-401E-9B8D-354A7CA4F4A0}.Debug|Mixed Platforms.ActiveCfg = Debug|Any CPU
		{3BD77D5F-A656-401E-9B8D-354A7CA4F4A0}.Debug|x86.ActiveCfg = Debug|Any CPU
		{3BD77D5F-A656-401E-9B8D-354A7CA4F4A0}.DebugDX|Any CPU.ActiveCfg = Debug|Any CPU
		{3BD77D5F-A656-401E-9B8D-354A7CA4F4A0}.DebugDX|Any CPU.Build.0 = Debug|Any CPU
		{3BD77D5F-A656-401E-9B8D-354A7CA4F4A0}.DebugDX|Mixed Platforms.ActiveCfg = Debug|Any CPU
		{3BD77D5F-A656-401E-9B8D-354A7CA4F4A0}.DebugDX|Mixed Platforms.Build.0 = Debug|Any CPU
		{3BD77D5F-A656-401E-9B8D-354A7CA4F4A0}.DebugDX|x86.ActiveCfg = Debug|Any CPU
		{3BD77D5F-A656-401E-9B8D-354A7CA4F4A0}.DebugGL|Any CPU.ActiveCfg = Debug|Any CPU
		{3BD77D5F-A656-401E-9B8D-354A7CA4F4A0}.DebugGL|Any CPU.Build.0 = Debug|Any CPU
		{3BD77D5F-A656-401E-9B8D-354A7CA4F4A0}.DebugGL|Mixed Platforms.ActiveCfg = Debug|Any CPU
		{3BD77D5F-A656-401E-9B8D-354A7CA4F4A0}.DebugGL|Mixed Platforms.Build.0 = Debug|Any CPU
		{3BD77D5F-A656-401E-9B8D-354A7CA4F4A0}.DebugGL|x86.ActiveCfg = Debug|Any CPU
		{3BD77D5F-A656-401E-9B8D-354A7CA4F4A0}.iOS|Any CPU.ActiveCfg = Release|Any CPU
		{3BD77D5F-A656-401E-9B8D-354A7CA4F4A0}.iOS|Any CPU.Build.0 = Release|Any CPU
		{3BD77D5F-A656-401E-9B8D-354A7CA4F4A0}.iOS|Mixed Platforms.ActiveCfg = Release|Any CPU
		{3BD77D5F-A656-401E-9B8D-354A7CA4F4A0}.iOS|Mixed Platforms.Build.0 = Release|Any CPU
		{3BD77D5F-A656-401E-9B8D-354A7CA4F4A0}.iOS|x86.ActiveCfg = Release|Any CPU
		{3BD77D5F-A656-401E-9B8D-354A7CA4F4A0}.Linux|Any CPU.ActiveCfg = Release|Any CPU
		{3BD77D5F-A656-401E-9B8D-354A7CA4F4A0}.Linux|Any CPU.Build.0 = Release|Any CPU
		{3BD77D5F-A656-401E-9B8D-354A7CA4F4A0}.Linux|Mixed Platforms.ActiveCfg = Release|Any CPU
		{3BD77D5F-A656-401E-9B8D-354A7CA4F4A0}.Linux|Mixed Platforms.Build.0 = Release|Any CPU
		{3BD77D5F-A656-401E-9B8D-354A7CA4F4A0}.Linux|x86.ActiveCfg = Release|Any CPU
		{3BD77D5F-A656-401E-9B8D-354A7CA4F4A0}.OSX|Any CPU.ActiveCfg = Release|Any CPU
		{3BD77D5F-A656-401E-9B8D-354A7CA4F4A0}.OSX|Any CPU.Build.0 = Release|Any CPU
		{3BD77D5F-A656-401E-9B8D-354A7CA4F4A0}.OSX|Mixed Platforms.ActiveCfg = Release|Any CPU
		{3BD77D5F-A656-401E-9B8D-354A7CA4F4A0}.OSX|Mixed Platforms.Build.0 = Release|Any CPU
		{3BD77D5F-A656-401E-9B8D-354A7CA4F4A0}.OSX|x86.ActiveCfg = Release|Any CPU
		{3BD77D5F-A656-401E-9B8D-354A7CA4F4A0}.PSM|Any CPU.ActiveCfg = Release|Any CPU
		{3BD77D5F-A656-401E-9B8D-354A7CA4F4A0}.PSM|Any CPU.Build.0 = Release|Any CPU
		{3BD77D5F-A656-401E-9B8D-354A7CA4F4A0}.PSM|Mixed Platforms.ActiveCfg = Release|Any CPU
		{3BD77D5F-A656-401E-9B8D-354A7CA4F4A0}.PSM|Mixed Platforms.Build.0 = Release|Any CPU
		{3BD77D5F-A656-401E-9B8D-354A7CA4F4A0}.PSM|x86.ActiveCfg = Release|Any CPU
		{3BD77D5F-A656-401E-9B8D-354A7CA4F4A0}.Release|Any CPU.ActiveCfg = Release|Any CPU
		{3BD77D5F-A656-401E-9B8D-354A7CA4F4A0}.Release|Any CPU.Build.0 = Release|Any CPU
		{3BD77D5F-A656-401E-9B8D-354A7CA4F4A0}.Release|Mixed Platforms.ActiveCfg = Release|Any CPU
		{3BD77D5F-A656-401E-9B8D-354A7CA4F4A0}.Release|Mixed Platforms.Build.0 = Release|Any CPU
		{3BD77D5F-A656-401E-9B8D-354A7CA4F4A0}.Release|x86.ActiveCfg = Release|Any CPU
		{3BD77D5F-A656-401E-9B8D-354A7CA4F4A0}.Windows|Any CPU.ActiveCfg = Release|Any CPU
		{3BD77D5F-A656-401E-9B8D-354A7CA4F4A0}.Windows|Any CPU.Build.0 = Release|Any CPU
		{3BD77D5F-A656-401E-9B8D-354A7CA4F4A0}.Windows|Mixed Platforms.ActiveCfg = Release|Any CPU
		{3BD77D5F-A656-401E-9B8D-354A7CA4F4A0}.Windows|Mixed Platforms.Build.0 = Release|Any CPU
		{3BD77D5F-A656-401E-9B8D-354A7CA4F4A0}.Windows|x86.ActiveCfg = Release|Any CPU
		{3BD77D5F-A656-401E-9B8D-354A7CA4F4A0}.Windows8|Any CPU.ActiveCfg = Release|Any CPU
		{3BD77D5F-A656-401E-9B8D-354A7CA4F4A0}.Windows8|Any CPU.Build.0 = Release|Any CPU
		{3BD77D5F-A656-401E-9B8D-354A7CA4F4A0}.Windows8|Mixed Platforms.ActiveCfg = Release|Any CPU
		{3BD77D5F-A656-401E-9B8D-354A7CA4F4A0}.Windows8|Mixed Platforms.Build.0 = Release|Any CPU
		{3BD77D5F-A656-401E-9B8D-354A7CA4F4A0}.Windows8|x86.ActiveCfg = Release|Any CPU
		{4C33F469-6E0C-4039-B1A3-F20813F911A3}.AllDebug|Any CPU.ActiveCfg = Debug|Any CPU
		{4C33F469-6E0C-4039-B1A3-F20813F911A3}.AllDebug|Any CPU.Build.0 = Debug|Any CPU
		{4C33F469-6E0C-4039-B1A3-F20813F911A3}.AllDebug|Mixed Platforms.ActiveCfg = Debug|Any CPU
		{4C33F469-6E0C-4039-B1A3-F20813F911A3}.AllDebug|x86.ActiveCfg = Debug|Any CPU
		{4C33F469-6E0C-4039-B1A3-F20813F911A3}.Android|Any CPU.ActiveCfg = Release|Any CPU
		{4C33F469-6E0C-4039-B1A3-F20813F911A3}.Android|Any CPU.Build.0 = Release|Any CPU
		{4C33F469-6E0C-4039-B1A3-F20813F911A3}.Android|Mixed Platforms.ActiveCfg = Release|Any CPU
		{4C33F469-6E0C-4039-B1A3-F20813F911A3}.Android|Mixed Platforms.Build.0 = Release|Any CPU
		{4C33F469-6E0C-4039-B1A3-F20813F911A3}.Android|x86.ActiveCfg = Release|Any CPU
		{4C33F469-6E0C-4039-B1A3-F20813F911A3}.Debug|Any CPU.ActiveCfg = Debug|Any CPU
		{4C33F469-6E0C-4039-B1A3-F20813F911A3}.Debug|Any CPU.Build.0 = Debug|Any CPU
		{4C33F469-6E0C-4039-B1A3-F20813F911A3}.Debug|Mixed Platforms.ActiveCfg = Debug|Any CPU
		{4C33F469-6E0C-4039-B1A3-F20813F911A3}.Debug|x86.ActiveCfg = Debug|Any CPU
		{4C33F469-6E0C-4039-B1A3-F20813F911A3}.DebugDX|Any CPU.ActiveCfg = Debug|Any CPU
		{4C33F469-6E0C-4039-B1A3-F20813F911A3}.DebugDX|Any CPU.Build.0 = Debug|Any CPU
		{4C33F469-6E0C-4039-B1A3-F20813F911A3}.DebugDX|Mixed Platforms.ActiveCfg = Debug|Any CPU
		{4C33F469-6E0C-4039-B1A3-F20813F911A3}.DebugDX|Mixed Platforms.Build.0 = Debug|Any CPU
		{4C33F469-6E0C-4039-B1A3-F20813F911A3}.DebugDX|x86.ActiveCfg = Debug|Any CPU
		{4C33F469-6E0C-4039-B1A3-F20813F911A3}.DebugGL|Any CPU.ActiveCfg = Debug|Any CPU
		{4C33F469-6E0C-4039-B1A3-F20813F911A3}.DebugGL|Any CPU.Build.0 = Debug|Any CPU
		{4C33F469-6E0C-4039-B1A3-F20813F911A3}.DebugGL|Mixed Platforms.ActiveCfg = Debug|Any CPU
		{4C33F469-6E0C-4039-B1A3-F20813F911A3}.DebugGL|Mixed Platforms.Build.0 = Debug|Any CPU
		{4C33F469-6E0C-4039-B1A3-F20813F911A3}.DebugGL|x86.ActiveCfg = Debug|Any CPU
		{4C33F469-6E0C-4039-B1A3-F20813F911A3}.iOS|Any CPU.ActiveCfg = Release|Any CPU
		{4C33F469-6E0C-4039-B1A3-F20813F911A3}.iOS|Any CPU.Build.0 = Release|Any CPU
		{4C33F469-6E0C-4039-B1A3-F20813F911A3}.iOS|Mixed Platforms.ActiveCfg = Release|Any CPU
		{4C33F469-6E0C-4039-B1A3-F20813F911A3}.iOS|Mixed Platforms.Build.0 = Release|Any CPU
		{4C33F469-6E0C-4039-B1A3-F20813F911A3}.iOS|x86.ActiveCfg = Release|Any CPU
		{4C33F469-6E0C-4039-B1A3-F20813F911A3}.Linux|Any CPU.ActiveCfg = Release|Any CPU
		{4C33F469-6E0C-4039-B1A3-F20813F911A3}.Linux|Any CPU.Build.0 = Release|Any CPU
		{4C33F469-6E0C-4039-B1A3-F20813F911A3}.Linux|Mixed Platforms.ActiveCfg = Release|Any CPU
		{4C33F469-6E0C-4039-B1A3-F20813F911A3}.Linux|Mixed Platforms.Build.0 = Release|Any CPU
		{4C33F469-6E0C-4039-B1A3-F20813F911A3}.Linux|x86.ActiveCfg = Release|Any CPU
		{4C33F469-6E0C-4039-B1A3-F20813F911A3}.OSX|Any CPU.ActiveCfg = Release|Any CPU
		{4C33F469-6E0C-4039-B1A3-F20813F911A3}.OSX|Any CPU.Build.0 = Release|Any CPU
		{4C33F469-6E0C-4039-B1A3-F20813F911A3}.OSX|Mixed Platforms.ActiveCfg = Release|Any CPU
		{4C33F469-6E0C-4039-B1A3-F20813F911A3}.OSX|Mixed Platforms.Build.0 = Release|Any CPU
		{4C33F469-6E0C-4039-B1A3-F20813F911A3}.OSX|x86.ActiveCfg = Release|Any CPU
		{4C33F469-6E0C-4039-B1A3-F20813F911A3}.PSM|Any CPU.ActiveCfg = Release|Any CPU
		{4C33F469-6E0C-4039-B1A3-F20813F911A3}.PSM|Any CPU.Build.0 = Release|Any CPU
		{4C33F469-6E0C-4039-B1A3-F20813F911A3}.PSM|Mixed Platforms.ActiveCfg = Release|Any CPU
		{4C33F469-6E0C-4039-B1A3-F20813F911A3}.PSM|Mixed Platforms.Build.0 = Release|Any CPU
		{4C33F469-6E0C-4039-B1A3-F20813F911A3}.PSM|x86.ActiveCfg = Release|Any CPU
		{4C33F469-6E0C-4039-B1A3-F20813F911A3}.Release|Any CPU.ActiveCfg = Release|Any CPU
		{4C33F469-6E0C-4039-B1A3-F20813F911A3}.Release|Any CPU.Build.0 = Release|Any CPU
		{4C33F469-6E0C-4039-B1A3-F20813F911A3}.Release|Mixed Platforms.ActiveCfg = Release|Any CPU
		{4C33F469-6E0C-4039-B1A3-F20813F911A3}.Release|Mixed Platforms.Build.0 = Release|Any CPU
		{4C33F469-6E0C-4039-B1A3-F20813F911A3}.Release|x86.ActiveCfg = Release|Any CPU
		{4C33F469-6E0C-4039-B1A3-F20813F911A3}.Windows|Any CPU.ActiveCfg = Release|Any CPU
		{4C33F469-6E0C-4039-B1A3-F20813F911A3}.Windows|Any CPU.Build.0 = Release|Any CPU
		{4C33F469-6E0C-4039-B1A3-F20813F911A3}.Windows|Mixed Platforms.ActiveCfg = Release|Any CPU
		{4C33F469-6E0C-4039-B1A3-F20813F911A3}.Windows|Mixed Platforms.Build.0 = Release|Any CPU
		{4C33F469-6E0C-4039-B1A3-F20813F911A3}.Windows|x86.ActiveCfg = Release|Any CPU
		{4C33F469-6E0C-4039-B1A3-F20813F911A3}.Windows8|Any CPU.ActiveCfg = Release|Any CPU
		{4C33F469-6E0C-4039-B1A3-F20813F911A3}.Windows8|Any CPU.Build.0 = Release|Any CPU
		{4C33F469-6E0C-4039-B1A3-F20813F911A3}.Windows8|Mixed Platforms.ActiveCfg = Release|Any CPU
		{4C33F469-6E0C-4039-B1A3-F20813F911A3}.Windows8|Mixed Platforms.Build.0 = Release|Any CPU
		{4C33F469-6E0C-4039-B1A3-F20813F911A3}.Windows8|x86.ActiveCfg = Release|Any CPU
		{8DE4104C-DC86-4A19-B2F6-57143456AE0D}.AllDebug|Any CPU.ActiveCfg = Debug|x86
		{8DE4104C-DC86-4A19-B2F6-57143456AE0D}.AllDebug|Mixed Platforms.ActiveCfg = Debug|x86
		{8DE4104C-DC86-4A19-B2F6-57143456AE0D}.AllDebug|Mixed Platforms.Build.0 = Debug|x86
		{8DE4104C-DC86-4A19-B2F6-57143456AE0D}.AllDebug|x86.ActiveCfg = Debug|x86
		{8DE4104C-DC86-4A19-B2F6-57143456AE0D}.AllDebug|x86.Build.0 = Debug|x86
		{8DE4104C-DC86-4A19-B2F6-57143456AE0D}.Android|Any CPU.ActiveCfg = Release|x86
		{8DE4104C-DC86-4A19-B2F6-57143456AE0D}.Android|Mixed Platforms.ActiveCfg = Release|x86
		{8DE4104C-DC86-4A19-B2F6-57143456AE0D}.Android|Mixed Platforms.Build.0 = Release|x86
		{8DE4104C-DC86-4A19-B2F6-57143456AE0D}.Android|x86.ActiveCfg = Release|x86
		{8DE4104C-DC86-4A19-B2F6-57143456AE0D}.Android|x86.Build.0 = Release|x86
		{8DE4104C-DC86-4A19-B2F6-57143456AE0D}.Debug|Any CPU.ActiveCfg = Debug|x86
		{8DE4104C-DC86-4A19-B2F6-57143456AE0D}.Debug|Mixed Platforms.ActiveCfg = Debug|x86
		{8DE4104C-DC86-4A19-B2F6-57143456AE0D}.Debug|Mixed Platforms.Build.0 = Debug|x86
		{8DE4104C-DC86-4A19-B2F6-57143456AE0D}.Debug|x86.ActiveCfg = Debug|x86
		{8DE4104C-DC86-4A19-B2F6-57143456AE0D}.Debug|x86.Build.0 = Debug|x86
		{8DE4104C-DC86-4A19-B2F6-57143456AE0D}.DebugDX|Any CPU.ActiveCfg = Debug|x86
		{8DE4104C-DC86-4A19-B2F6-57143456AE0D}.DebugDX|Mixed Platforms.ActiveCfg = Debug|x86
		{8DE4104C-DC86-4A19-B2F6-57143456AE0D}.DebugDX|Mixed Platforms.Build.0 = Debug|x86
		{8DE4104C-DC86-4A19-B2F6-57143456AE0D}.DebugDX|x86.ActiveCfg = Debug|x86
		{8DE4104C-DC86-4A19-B2F6-57143456AE0D}.DebugDX|x86.Build.0 = Debug|x86
		{8DE4104C-DC86-4A19-B2F6-57143456AE0D}.DebugGL|Any CPU.ActiveCfg = Debug|x86
		{8DE4104C-DC86-4A19-B2F6-57143456AE0D}.DebugGL|Mixed Platforms.ActiveCfg = Debug|x86
		{8DE4104C-DC86-4A19-B2F6-57143456AE0D}.DebugGL|Mixed Platforms.Build.0 = Debug|x86
		{8DE4104C-DC86-4A19-B2F6-57143456AE0D}.DebugGL|x86.ActiveCfg = Debug|x86
		{8DE4104C-DC86-4A19-B2F6-57143456AE0D}.DebugGL|x86.Build.0 = Debug|x86
		{8DE4104C-DC86-4A19-B2F6-57143456AE0D}.iOS|Any CPU.ActiveCfg = Release|x86
		{8DE4104C-DC86-4A19-B2F6-57143456AE0D}.iOS|Mixed Platforms.ActiveCfg = Release|x86
		{8DE4104C-DC86-4A19-B2F6-57143456AE0D}.iOS|Mixed Platforms.Build.0 = Release|x86
		{8DE4104C-DC86-4A19-B2F6-57143456AE0D}.iOS|x86.ActiveCfg = Release|x86
		{8DE4104C-DC86-4A19-B2F6-57143456AE0D}.iOS|x86.Build.0 = Release|x86
		{8DE4104C-DC86-4A19-B2F6-57143456AE0D}.Linux|Any CPU.ActiveCfg = Release|x86
		{8DE4104C-DC86-4A19-B2F6-57143456AE0D}.Linux|Mixed Platforms.ActiveCfg = Release|x86
		{8DE4104C-DC86-4A19-B2F6-57143456AE0D}.Linux|Mixed Platforms.Build.0 = Release|x86
		{8DE4104C-DC86-4A19-B2F6-57143456AE0D}.Linux|x86.ActiveCfg = Release|x86
		{8DE4104C-DC86-4A19-B2F6-57143456AE0D}.Linux|x86.Build.0 = Release|x86
		{8DE4104C-DC86-4A19-B2F6-57143456AE0D}.OSX|Any CPU.ActiveCfg = Release|x86
		{8DE4104C-DC86-4A19-B2F6-57143456AE0D}.OSX|Mixed Platforms.ActiveCfg = Release|x86
		{8DE4104C-DC86-4A19-B2F6-57143456AE0D}.OSX|Mixed Platforms.Build.0 = Release|x86
		{8DE4104C-DC86-4A19-B2F6-57143456AE0D}.OSX|x86.ActiveCfg = Release|x86
		{8DE4104C-DC86-4A19-B2F6-57143456AE0D}.OSX|x86.Build.0 = Release|x86
		{8DE4104C-DC86-4A19-B2F6-57143456AE0D}.PSM|Any CPU.ActiveCfg = Release|x86
		{8DE4104C-DC86-4A19-B2F6-57143456AE0D}.PSM|Mixed Platforms.ActiveCfg = Release|x86
		{8DE4104C-DC86-4A19-B2F6-57143456AE0D}.PSM|Mixed Platforms.Build.0 = Release|x86
		{8DE4104C-DC86-4A19-B2F6-57143456AE0D}.PSM|x86.ActiveCfg = Release|x86
		{8DE4104C-DC86-4A19-B2F6-57143456AE0D}.PSM|x86.Build.0 = Release|x86
		{8DE4104C-DC86-4A19-B2F6-57143456AE0D}.Release|Any CPU.ActiveCfg = Release|x86
		{8DE4104C-DC86-4A19-B2F6-57143456AE0D}.Release|Mixed Platforms.ActiveCfg = Release|x86
		{8DE4104C-DC86-4A19-B2F6-57143456AE0D}.Release|Mixed Platforms.Build.0 = Release|x86
		{8DE4104C-DC86-4A19-B2F6-57143456AE0D}.Release|x86.ActiveCfg = Release|x86
		{8DE4104C-DC86-4A19-B2F6-57143456AE0D}.Release|x86.Build.0 = Release|x86
		{8DE4104C-DC86-4A19-B2F6-57143456AE0D}.Windows|Any CPU.ActiveCfg = Release|x86
		{8DE4104C-DC86-4A19-B2F6-57143456AE0D}.Windows|Mixed Platforms.ActiveCfg = Release|x86
		{8DE4104C-DC86-4A19-B2F6-57143456AE0D}.Windows|Mixed Platforms.Build.0 = Release|x86
		{8DE4104C-DC86-4A19-B2F6-57143456AE0D}.Windows|x86.ActiveCfg = Release|x86
		{8DE4104C-DC86-4A19-B2F6-57143456AE0D}.Windows|x86.Build.0 = Release|x86
		{8DE4104C-DC86-4A19-B2F6-57143456AE0D}.Windows8|Any CPU.ActiveCfg = Release|x86
		{8DE4104C-DC86-4A19-B2F6-57143456AE0D}.Windows8|Mixed Platforms.ActiveCfg = Release|x86
		{8DE4104C-DC86-4A19-B2F6-57143456AE0D}.Windows8|Mixed Platforms.Build.0 = Release|x86
		{8DE4104C-DC86-4A19-B2F6-57143456AE0D}.Windows8|x86.ActiveCfg = Release|x86
		{8DE4104C-DC86-4A19-B2F6-57143456AE0D}.Windows8|x86.Build.0 = Release|x86
		{3A81CB09-70D2-4F74-BCF4-AE4497AA61DF}.AllDebug|Any CPU.ActiveCfg = Debug|Any CPU
		{3A81CB09-70D2-4F74-BCF4-AE4497AA61DF}.AllDebug|Any CPU.Build.0 = Debug|Any CPU
		{3A81CB09-70D2-4F74-BCF4-AE4497AA61DF}.AllDebug|Mixed Platforms.ActiveCfg = Debug|Any CPU
		{3A81CB09-70D2-4F74-BCF4-AE4497AA61DF}.AllDebug|Mixed Platforms.Build.0 = Debug|Any CPU
		{3A81CB09-70D2-4F74-BCF4-AE4497AA61DF}.AllDebug|x86.ActiveCfg = Debug|Any CPU
		{3A81CB09-70D2-4F74-BCF4-AE4497AA61DF}.Android|Any CPU.ActiveCfg = Release|Any CPU
		{3A81CB09-70D2-4F74-BCF4-AE4497AA61DF}.Android|Any CPU.Build.0 = Release|Any CPU
		{3A81CB09-70D2-4F74-BCF4-AE4497AA61DF}.Android|Mixed Platforms.ActiveCfg = Release|Any CPU
		{3A81CB09-70D2-4F74-BCF4-AE4497AA61DF}.Android|Mixed Platforms.Build.0 = Release|Any CPU
		{3A81CB09-70D2-4F74-BCF4-AE4497AA61DF}.Android|x86.ActiveCfg = Release|Any CPU
		{3A81CB09-70D2-4F74-BCF4-AE4497AA61DF}.Debug|Any CPU.ActiveCfg = Debug|Any CPU
		{3A81CB09-70D2-4F74-BCF4-AE4497AA61DF}.Debug|Any CPU.Build.0 = Debug|Any CPU
		{3A81CB09-70D2-4F74-BCF4-AE4497AA61DF}.Debug|Mixed Platforms.ActiveCfg = Debug|Any CPU
		{3A81CB09-70D2-4F74-BCF4-AE4497AA61DF}.Debug|Mixed Platforms.Build.0 = Debug|Any CPU
		{3A81CB09-70D2-4F74-BCF4-AE4497AA61DF}.Debug|x86.ActiveCfg = Debug|Any CPU
		{3A81CB09-70D2-4F74-BCF4-AE4497AA61DF}.DebugDX|Any CPU.ActiveCfg = Debug|Any CPU
		{3A81CB09-70D2-4F74-BCF4-AE4497AA61DF}.DebugDX|Any CPU.Build.0 = Debug|Any CPU
		{3A81CB09-70D2-4F74-BCF4-AE4497AA61DF}.DebugDX|Mixed Platforms.ActiveCfg = Debug|Any CPU
		{3A81CB09-70D2-4F74-BCF4-AE4497AA61DF}.DebugDX|Mixed Platforms.Build.0 = Debug|Any CPU
		{3A81CB09-70D2-4F74-BCF4-AE4497AA61DF}.DebugDX|x86.ActiveCfg = Debug|Any CPU
		{3A81CB09-70D2-4F74-BCF4-AE4497AA61DF}.DebugGL|Any CPU.ActiveCfg = Debug|Any CPU
		{3A81CB09-70D2-4F74-BCF4-AE4497AA61DF}.DebugGL|Any CPU.Build.0 = Debug|Any CPU
		{3A81CB09-70D2-4F74-BCF4-AE4497AA61DF}.DebugGL|Mixed Platforms.ActiveCfg = Debug|Any CPU
		{3A81CB09-70D2-4F74-BCF4-AE4497AA61DF}.DebugGL|Mixed Platforms.Build.0 = Debug|Any CPU
		{3A81CB09-70D2-4F74-BCF4-AE4497AA61DF}.DebugGL|x86.ActiveCfg = Debug|Any CPU
		{3A81CB09-70D2-4F74-BCF4-AE4497AA61DF}.iOS|Any CPU.ActiveCfg = Release|Any CPU
		{3A81CB09-70D2-4F74-BCF4-AE4497AA61DF}.iOS|Any CPU.Build.0 = Release|Any CPU
		{3A81CB09-70D2-4F74-BCF4-AE4497AA61DF}.iOS|Mixed Platforms.ActiveCfg = Release|Any CPU
		{3A81CB09-70D2-4F74-BCF4-AE4497AA61DF}.iOS|Mixed Platforms.Build.0 = Release|Any CPU
		{3A81CB09-70D2-4F74-BCF4-AE4497AA61DF}.iOS|x86.ActiveCfg = Release|Any CPU
		{3A81CB09-70D2-4F74-BCF4-AE4497AA61DF}.Linux|Any CPU.ActiveCfg = Release|Any CPU
		{3A81CB09-70D2-4F74-BCF4-AE4497AA61DF}.Linux|Any CPU.Build.0 = Release|Any CPU
		{3A81CB09-70D2-4F74-BCF4-AE4497AA61DF}.Linux|Mixed Platforms.ActiveCfg = Release|Any CPU
		{3A81CB09-70D2-4F74-BCF4-AE4497AA61DF}.Linux|Mixed Platforms.Build.0 = Release|Any CPU
		{3A81CB09-70D2-4F74-BCF4-AE4497AA61DF}.Linux|x86.ActiveCfg = Release|Any CPU
		{3A81CB09-70D2-4F74-BCF4-AE4497AA61DF}.OSX|Any CPU.ActiveCfg = Release|Any CPU
		{3A81CB09-70D2-4F74-BCF4-AE4497AA61DF}.OSX|Any CPU.Build.0 = Release|Any CPU
		{3A81CB09-70D2-4F74-BCF4-AE4497AA61DF}.OSX|Mixed Platforms.ActiveCfg = Release|Any CPU
		{3A81CB09-70D2-4F74-BCF4-AE4497AA61DF}.OSX|Mixed Platforms.Build.0 = Release|Any CPU
		{3A81CB09-70D2-4F74-BCF4-AE4497AA61DF}.OSX|x86.ActiveCfg = Release|Any CPU
		{3A81CB09-70D2-4F74-BCF4-AE4497AA61DF}.PSM|Any CPU.ActiveCfg = Release|Any CPU
		{3A81CB09-70D2-4F74-BCF4-AE4497AA61DF}.PSM|Any CPU.Build.0 = Release|Any CPU
		{3A81CB09-70D2-4F74-BCF4-AE4497AA61DF}.PSM|Mixed Platforms.ActiveCfg = Release|Any CPU
		{3A81CB09-70D2-4F74-BCF4-AE4497AA61DF}.PSM|Mixed Platforms.Build.0 = Release|Any CPU
		{3A81CB09-70D2-4F74-BCF4-AE4497AA61DF}.PSM|x86.ActiveCfg = Release|Any CPU
		{3A81CB09-70D2-4F74-BCF4-AE4497AA61DF}.Release|Any CPU.ActiveCfg = Release|Any CPU
		{3A81CB09-70D2-4F74-BCF4-AE4497AA61DF}.Release|Any CPU.Build.0 = Release|Any CPU
		{3A81CB09-70D2-4F74-BCF4-AE4497AA61DF}.Release|Mixed Platforms.ActiveCfg = Release|Any CPU
		{3A81CB09-70D2-4F74-BCF4-AE4497AA61DF}.Release|Mixed Platforms.Build.0 = Release|Any CPU
		{3A81CB09-70D2-4F74-BCF4-AE4497AA61DF}.Release|x86.ActiveCfg = Release|Any CPU
		{3A81CB09-70D2-4F74-BCF4-AE4497AA61DF}.Windows|Any CPU.ActiveCfg = Release|Any CPU
		{3A81CB09-70D2-4F74-BCF4-AE4497AA61DF}.Windows|Any CPU.Build.0 = Release|Any CPU
		{3A81CB09-70D2-4F74-BCF4-AE4497AA61DF}.Windows|Mixed Platforms.ActiveCfg = Release|Any CPU
		{3A81CB09-70D2-4F74-BCF4-AE4497AA61DF}.Windows|Mixed Platforms.Build.0 = Release|Any CPU
		{3A81CB09-70D2-4F74-BCF4-AE4497AA61DF}.Windows|x86.ActiveCfg = Release|Any CPU
		{3A81CB09-70D2-4F74-BCF4-AE4497AA61DF}.Windows8|Any CPU.ActiveCfg = Release|Any CPU
		{3A81CB09-70D2-4F74-BCF4-AE4497AA61DF}.Windows8|Any CPU.Build.0 = Release|Any CPU
		{3A81CB09-70D2-4F74-BCF4-AE4497AA61DF}.Windows8|Mixed Platforms.ActiveCfg = Release|Any CPU
		{3A81CB09-70D2-4F74-BCF4-AE4497AA61DF}.Windows8|Mixed Platforms.Build.0 = Release|Any CPU
		{3A81CB09-70D2-4F74-BCF4-AE4497AA61DF}.Windows8|x86.ActiveCfg = Release|Any CPU
		{3C9CAB71-9C04-4703-B991-0B4F3C9249A4}.AllDebug|Any CPU.ActiveCfg = Debug|Any CPU
		{3C9CAB71-9C04-4703-B991-0B4F3C9249A4}.AllDebug|Any CPU.Build.0 = Debug|Any CPU
		{3C9CAB71-9C04-4703-B991-0B4F3C9249A4}.AllDebug|Mixed Platforms.ActiveCfg = Debug|Any CPU
		{3C9CAB71-9C04-4703-B991-0B4F3C9249A4}.AllDebug|Mixed Platforms.Build.0 = Debug|Any CPU
		{3C9CAB71-9C04-4703-B991-0B4F3C9249A4}.AllDebug|x86.ActiveCfg = Debug|Any CPU
		{3C9CAB71-9C04-4703-B991-0B4F3C9249A4}.Android|Any CPU.ActiveCfg = Release|Any CPU
		{3C9CAB71-9C04-4703-B991-0B4F3C9249A4}.Android|Any CPU.Build.0 = Release|Any CPU
		{3C9CAB71-9C04-4703-B991-0B4F3C9249A4}.Android|Mixed Platforms.ActiveCfg = Release|Any CPU
		{3C9CAB71-9C04-4703-B991-0B4F3C9249A4}.Android|Mixed Platforms.Build.0 = Release|Any CPU
		{3C9CAB71-9C04-4703-B991-0B4F3C9249A4}.Android|x86.ActiveCfg = Release|Any CPU
		{3C9CAB71-9C04-4703-B991-0B4F3C9249A4}.Debug|Any CPU.ActiveCfg = Debug|Any CPU
		{3C9CAB71-9C04-4703-B991-0B4F3C9249A4}.Debug|Any CPU.Build.0 = Debug|Any CPU
		{3C9CAB71-9C04-4703-B991-0B4F3C9249A4}.Debug|Mixed Platforms.ActiveCfg = Debug|Any CPU
		{3C9CAB71-9C04-4703-B991-0B4F3C9249A4}.Debug|Mixed Platforms.Build.0 = Debug|Any CPU
		{3C9CAB71-9C04-4703-B991-0B4F3C9249A4}.Debug|x86.ActiveCfg = Debug|Any CPU
		{3C9CAB71-9C04-4703-B991-0B4F3C9249A4}.DebugDX|Any CPU.ActiveCfg = Debug|Any CPU
		{3C9CAB71-9C04-4703-B991-0B4F3C9249A4}.DebugDX|Any CPU.Build.0 = Debug|Any CPU
		{3C9CAB71-9C04-4703-B991-0B4F3C9249A4}.DebugDX|Mixed Platforms.ActiveCfg = Debug|Any CPU
		{3C9CAB71-9C04-4703-B991-0B4F3C9249A4}.DebugDX|Mixed Platforms.Build.0 = Debug|Any CPU
		{3C9CAB71-9C04-4703-B991-0B4F3C9249A4}.DebugDX|x86.ActiveCfg = Debug|Any CPU
		{3C9CAB71-9C04-4703-B991-0B4F3C9249A4}.DebugGL|Any CPU.ActiveCfg = Debug|Any CPU
		{3C9CAB71-9C04-4703-B991-0B4F3C9249A4}.DebugGL|Any CPU.Build.0 = Debug|Any CPU
		{3C9CAB71-9C04-4703-B991-0B4F3C9249A4}.DebugGL|Mixed Platforms.ActiveCfg = Debug|Any CPU
		{3C9CAB71-9C04-4703-B991-0B4F3C9249A4}.DebugGL|Mixed Platforms.Build.0 = Debug|Any CPU
		{3C9CAB71-9C04-4703-B991-0B4F3C9249A4}.DebugGL|x86.ActiveCfg = Debug|Any CPU
		{3C9CAB71-9C04-4703-B991-0B4F3C9249A4}.iOS|Any CPU.ActiveCfg = Release|Any CPU
		{3C9CAB71-9C04-4703-B991-0B4F3C9249A4}.iOS|Any CPU.Build.0 = Release|Any CPU
		{3C9CAB71-9C04-4703-B991-0B4F3C9249A4}.iOS|Mixed Platforms.ActiveCfg = Release|Any CPU
		{3C9CAB71-9C04-4703-B991-0B4F3C9249A4}.iOS|Mixed Platforms.Build.0 = Release|Any CPU
		{3C9CAB71-9C04-4703-B991-0B4F3C9249A4}.iOS|x86.ActiveCfg = Release|Any CPU
		{3C9CAB71-9C04-4703-B991-0B4F3C9249A4}.Linux|Any CPU.ActiveCfg = Release|Any CPU
		{3C9CAB71-9C04-4703-B991-0B4F3C9249A4}.Linux|Any CPU.Build.0 = Release|Any CPU
		{3C9CAB71-9C04-4703-B991-0B4F3C9249A4}.Linux|Mixed Platforms.ActiveCfg = Release|Any CPU
		{3C9CAB71-9C04-4703-B991-0B4F3C9249A4}.Linux|Mixed Platforms.Build.0 = Release|Any CPU
		{3C9CAB71-9C04-4703-B991-0B4F3C9249A4}.Linux|x86.ActiveCfg = Release|Any CPU
		{3C9CAB71-9C04-4703-B991-0B4F3C9249A4}.OSX|Any CPU.ActiveCfg = Release|Any CPU
		{3C9CAB71-9C04-4703-B991-0B4F3C9249A4}.OSX|Any CPU.Build.0 = Release|Any CPU
		{3C9CAB71-9C04-4703-B991-0B4F3C9249A4}.OSX|Mixed Platforms.ActiveCfg = Release|Any CPU
		{3C9CAB71-9C04-4703-B991-0B4F3C9249A4}.OSX|Mixed Platforms.Build.0 = Release|Any CPU
		{3C9CAB71-9C04-4703-B991-0B4F3C9249A4}.OSX|x86.ActiveCfg = Release|Any CPU
		{3C9CAB71-9C04-4703-B991-0B4F3C9249A4}.PSM|Any CPU.ActiveCfg = Release|Any CPU
		{3C9CAB71-9C04-4703-B991-0B4F3C9249A4}.PSM|Any CPU.Build.0 = Release|Any CPU
		{3C9CAB71-9C04-4703-B991-0B4F3C9249A4}.PSM|Mixed Platforms.ActiveCfg = Release|Any CPU
		{3C9CAB71-9C04-4703-B991-0B4F3C9249A4}.PSM|Mixed Platforms.Build.0 = Release|Any CPU
		{3C9CAB71-9C04-4703-B991-0B4F3C9249A4}.PSM|x86.ActiveCfg = Release|Any CPU
		{3C9CAB71-9C04-4703-B991-0B4F3C9249A4}.Release|Any CPU.ActiveCfg = Release|Any CPU
		{3C9CAB71-9C04-4703-B991-0B4F3C9249A4}.Release|Any CPU.Build.0 = Release|Any CPU
		{3C9CAB71-9C04-4703-B991-0B4F3C9249A4}.Release|Mixed Platforms.ActiveCfg = Release|Any CPU
		{3C9CAB71-9C04-4703-B991-0B4F3C9249A4}.Release|Mixed Platforms.Build.0 = Release|Any CPU
		{3C9CAB71-9C04-4703-B991-0B4F3C9249A4}.Release|x86.ActiveCfg = Release|Any CPU
		{3C9CAB71-9C04-4703-B991-0B4F3C9249A4}.Windows|Any CPU.ActiveCfg = Release|Any CPU
		{3C9CAB71-9C04-4703-B991-0B4F3C9249A4}.Windows|Any CPU.Build.0 = Release|Any CPU
		{3C9CAB71-9C04-4703-B991-0B4F3C9249A4}.Windows|Mixed Platforms.ActiveCfg = Release|Any CPU
		{3C9CAB71-9C04-4703-B991-0B4F3C9249A4}.Windows|Mixed Platforms.Build.0 = Release|Any CPU
		{3C9CAB71-9C04-4703-B991-0B4F3C9249A4}.Windows|x86.ActiveCfg = Release|Any CPU
		{3C9CAB71-9C04-4703-B991-0B4F3C9249A4}.Windows8|Any CPU.ActiveCfg = Release|Any CPU
		{3C9CAB71-9C04-4703-B991-0B4F3C9249A4}.Windows8|Any CPU.Build.0 = Release|Any CPU
		{3C9CAB71-9C04-4703-B991-0B4F3C9249A4}.Windows8|Mixed Platforms.ActiveCfg = Release|Any CPU
		{3C9CAB71-9C04-4703-B991-0B4F3C9249A4}.Windows8|Mixed Platforms.Build.0 = Release|Any CPU
		{3C9CAB71-9C04-4703-B991-0B4F3C9249A4}.Windows8|x86.ActiveCfg = Release|Any CPU
	EndGlobalSection
	GlobalSection(SolutionProperties) = preSolution
		HideSolutionNode = FALSE
	EndGlobalSection
EndGlobal
